
Microsoft Visual Studio Solution File, Format Version 12.00
# Visual Studio 15
VisualStudioVersion = 15.0.27130.2027
MinimumVisualStudioVersion = 10.0.40219.1
Project("{FAE04EC0-301F-11D3-BF4B-00C04F79EFBC}") = "CodeJam.Utils", "CodeJam.Utils\CodeJam.Utils.csproj", "{4A693386-7BF2-4E1D-886B-7B61B5A444EF}"
EndProject
Project("{2150E333-8FDC-42A3-9474-1A3956D46DE8}") = "QualificationRound", "QualificationRound", "{0F9BAC77-8C92-481A-A09B-CC9222A8DA65}"
EndProject
Project("{2150E333-8FDC-42A3-9474-1A3956D46DE8}") = "2017", "2017", "{ADE81D37-9205-499C-BA12-23432AA76CBB}"
EndProject
Project("{2150E333-8FDC-42A3-9474-1A3956D46DE8}") = "ProblemA", "ProblemA", "{7D948C61-38E3-4386-874D-F06D97B99CB8}"
	ProjectSection(SolutionItems) = preProject
		Explanation.txt = Explanation.txt
	EndProjectSection
EndProject
Project("{FAE04EC0-301F-11D3-BF4B-00C04F79EFBC}") = "ProblemA", "ProblemA\ProblemA.csproj", "{31869F63-F98B-47F1-928C-AE08AC589C4E}"
EndProject
Project("{FAE04EC0-301F-11D3-BF4B-00C04F79EFBC}") = "SavingUniverse", "SavingUniverse\SavingUniverse.csproj", "{6EC1ECB8-27C8-478E-A78B-1B318027EE97}"
EndProject
Project("{FAE04EC0-301F-11D3-BF4B-00C04F79EFBC}") = "SavingUniverse.Tests", "SavingUniverse.Tests\SavingUniverse.Tests.csproj", "{6EBC8581-4711-47E8-9591-CD0B79896902}"
EndProject
Project("{2150E333-8FDC-42A3-9474-1A3956D46DE8}") = "2018", "2018", "{BB9BBE71-5E93-4338-9590-B4EDAC8ED2B1}"
EndProject
Project("{FAE04EC0-301F-11D3-BF4B-00C04F79EFBC}") = "TroubleSort", "TroubleSort\TroubleSort.csproj", "{C7D88F25-796E-4242-891E-2008ECF5C919}"
EndProject
Project("{FAE04EC0-301F-11D3-BF4B-00C04F79EFBC}") = "TroubleSort.Tests", "TroubleSort.Tests\TroubleSort.Tests.csproj", "{A8054C4D-8CCC-4A70-BB8E-EE8FA22D78E6}"
EndProject
Project("{FAE04EC0-301F-11D3-BF4B-00C04F79EFBC}") = "TroubleSortConsole", "TroubleSortConsole\TroubleSortConsole.csproj", "{807570E5-9335-4650-9FBD-A8EDD9FABD80}"
EndProject
Project("{FAE04EC0-301F-11D3-BF4B-00C04F79EFBC}") = "Gopher", "Gopher\Gopher.csproj", "{D8934A9A-0D8D-4EF3-9616-F4BE706467BA}"
EndProject
Project("{FAE04EC0-301F-11D3-BF4B-00C04F79EFBC}") = "Gopher.Tests", "Gopher.Tests\Gopher.Tests.csproj", "{9C531A2E-739F-4DE8-85E7-16D683FCE2CF}"
EndProject
Project("{FAE04EC0-301F-11D3-BF4B-00C04F79EFBC}") = "CubicUFO", "CubicUFO\CubicUFO.csproj", "{A478D0CB-EEE7-4480-A698-ECB4585E254C}"
EndProject
Project("{2150E333-8FDC-42A3-9474-1A3956D46DE8}") = "Round1A", "Round1A", "{05E223B2-E545-4A7F-A6D8-3E27D15B1912}"
EndProject
Project("{FAE04EC0-301F-11D3-BF4B-00C04F79EFBC}") = "AlphabetCake", "AlphabetCake\AlphabetCake.csproj", "{02B10576-32ED-4CDB-8ED9-5626D1A9A880}"
EndProject
Project("{2150E333-8FDC-42A3-9474-1A3956D46DE8}") = "QualificationRound", "QualificationRound", "{DAFA0256-6869-48A7-8761-D377C1ADF0AA}"
EndProject
Project("{FAE04EC0-301F-11D3-BF4B-00C04F79EFBC}") = "AlphabetCake.Tests", "AlphabetCake.Tests\AlphabetCake.Tests.csproj", "{3E677CC1-011C-4809-9A1B-91D15ECDBAC3}"
EndProject
Project("{FAE04EC0-301F-11D3-BF4B-00C04F79EFBC}") = "Ratatouille", "Ratatouille\Ratatouille.csproj", "{3A0EC0DF-CAF5-40AC-A8FF-D5572AE46F3A}"
EndProject
Project("{FAE04EC0-301F-11D3-BF4B-00C04F79EFBC}") = "PlaytheDragon", "PlaytheDragon\PlaytheDragon.csproj", "{5580E1F3-DD0E-4A11-AE68-01B5F8A39E76}"
EndProject
Project("{2150E333-8FDC-42A3-9474-1A3956D46DE8}") = "Round1A", "Round1A", "{0E601033-92A4-4E97-A9A8-5315EFBB03FA}"
EndProject
Project("{FAE04EC0-301F-11D3-BF4B-00C04F79EFBC}") = "WaffleChoppers", "WaffleChoppers\WaffleChoppers.csproj", "{C401DB9D-CCA7-49AA-831F-76F92556E1CF}"
EndProject
Project("{FAE04EC0-301F-11D3-BF4B-00C04F79EFBC}") = "WaffleChoppersTest", "WaffleChoppersTest\WaffleChoppersTest.csproj", "{3480ED41-0962-4165-BA05-B096E86DFC51}"
EndProject
Project("{FAE04EC0-301F-11D3-BF4B-00C04F79EFBC}") = "EdgyBaking", "EdgyBaking\EdgyBaking.csproj", "{3CD7BD13-A5A4-433E-B4E0-FA1775A33007}"
EndProject
Project("{2150E333-8FDC-42A3-9474-1A3956D46DE8}") = "Round1B", "Round1B", "{2D25AD76-3543-418A-8729-C153503DE1CD}"
EndProject
Project("{FAE04EC0-301F-11D3-BF4B-00C04F79EFBC}") = "MysteriousRoadSigns", "MysteriousRoadSigns\MysteriousRoadSigns.csproj", "{EFD8EC9D-DB36-4265-A825-E9961AAEBF66}"
EndProject
Project("{FAE04EC0-301F-11D3-BF4B-00C04F79EFBC}") = "RoundingError", "RoundingError\RoundingError.csproj", "{BCF89D7D-474C-4A41-9ABE-D900541CAF7E}"
EndProject
Project("{2150E333-8FDC-42A3-9474-1A3956D46DE8}") = "Round1B", "Round1B", "{94E68BED-FD22-4062-8EF3-26EF75116A9C}"
EndProject
Project("{FAE04EC0-301F-11D3-BF4B-00C04F79EFBC}") = "RoundingErrorTests", "RoundingErrorTests\RoundingErrorTests.csproj", "{03459179-BAD4-49DE-8DBC-844509DD7C01}"
EndProject
Project("{2150E333-8FDC-42A3-9474-1A3956D46DE8}") = "Round1C", "Round1C", "{75B6AEEB-CCD5-41E4-9577-253E06E49B4C}"
EndProject
Project("{2150E333-8FDC-42A3-9474-1A3956D46DE8}") = "Tests", "Tests", "{792A593D-B53C-432E-8692-0D8B3EFB139B}"
EndProject
Project("{FAE04EC0-301F-11D3-BF4B-00C04F79EFBC}") = "AWholeNewWord", "AWholeNewWord\AWholeNewWord.csproj", "{442A12B3-209C-4E15-BAA7-2DCADF5FE813}"
EndProject
Project("{2150E333-8FDC-42A3-9474-1A3956D46DE8}") = "Solution Items", "Solution Items", "{8697B699-A9BE-47A5-815D-387418C9EE86}"
	ProjectSection(SolutionItems) = preProject
		ExplanationGeneral.txt = ExplanationGeneral.txt
	EndProjectSection
EndProject
Global
	GlobalSection(SolutionConfigurationPlatforms) = preSolution
		Debug|Any CPU = Debug|Any CPU
		Release|Any CPU = Release|Any CPU
	EndGlobalSection
	GlobalSection(ProjectConfigurationPlatforms) = postSolution
		{4A693386-7BF2-4E1D-886B-7B61B5A444EF}.Debug|Any CPU.ActiveCfg = Debug|Any CPU
		{4A693386-7BF2-4E1D-886B-7B61B5A444EF}.Debug|Any CPU.Build.0 = Debug|Any CPU
		{4A693386-7BF2-4E1D-886B-7B61B5A444EF}.Release|Any CPU.ActiveCfg = Release|Any CPU
		{4A693386-7BF2-4E1D-886B-7B61B5A444EF}.Release|Any CPU.Build.0 = Release|Any CPU
		{31869F63-F98B-47F1-928C-AE08AC589C4E}.Debug|Any CPU.ActiveCfg = Debug|Any CPU
		{31869F63-F98B-47F1-928C-AE08AC589C4E}.Debug|Any CPU.Build.0 = Debug|Any CPU
		{31869F63-F98B-47F1-928C-AE08AC589C4E}.Release|Any CPU.ActiveCfg = Release|Any CPU
		{31869F63-F98B-47F1-928C-AE08AC589C4E}.Release|Any CPU.Build.0 = Release|Any CPU
		{6EC1ECB8-27C8-478E-A78B-1B318027EE97}.Debug|Any CPU.ActiveCfg = Debug|Any CPU
		{6EC1ECB8-27C8-478E-A78B-1B318027EE97}.Debug|Any CPU.Build.0 = Debug|Any CPU
		{6EC1ECB8-27C8-478E-A78B-1B318027EE97}.Release|Any CPU.ActiveCfg = Release|Any CPU
		{6EC1ECB8-27C8-478E-A78B-1B318027EE97}.Release|Any CPU.Build.0 = Release|Any CPU
		{6EBC8581-4711-47E8-9591-CD0B79896902}.Debug|Any CPU.ActiveCfg = Debug|Any CPU
		{6EBC8581-4711-47E8-9591-CD0B79896902}.Debug|Any CPU.Build.0 = Debug|Any CPU
		{6EBC8581-4711-47E8-9591-CD0B79896902}.Release|Any CPU.ActiveCfg = Release|Any CPU
		{6EBC8581-4711-47E8-9591-CD0B79896902}.Release|Any CPU.Build.0 = Release|Any CPU
		{C7D88F25-796E-4242-891E-2008ECF5C919}.Debug|Any CPU.ActiveCfg = Debug|Any CPU
		{C7D88F25-796E-4242-891E-2008ECF5C919}.Debug|Any CPU.Build.0 = Debug|Any CPU
		{C7D88F25-796E-4242-891E-2008ECF5C919}.Release|Any CPU.ActiveCfg = Release|Any CPU
		{C7D88F25-796E-4242-891E-2008ECF5C919}.Release|Any CPU.Build.0 = Release|Any CPU
		{A8054C4D-8CCC-4A70-BB8E-EE8FA22D78E6}.Debug|Any CPU.ActiveCfg = Debug|Any CPU
		{A8054C4D-8CCC-4A70-BB8E-EE8FA22D78E6}.Debug|Any CPU.Build.0 = Debug|Any CPU
		{A8054C4D-8CCC-4A70-BB8E-EE8FA22D78E6}.Release|Any CPU.ActiveCfg = Release|Any CPU
		{A8054C4D-8CCC-4A70-BB8E-EE8FA22D78E6}.Release|Any CPU.Build.0 = Release|Any CPU
		{807570E5-9335-4650-9FBD-A8EDD9FABD80}.Debug|Any CPU.ActiveCfg = Debug|Any CPU
		{807570E5-9335-4650-9FBD-A8EDD9FABD80}.Debug|Any CPU.Build.0 = Debug|Any CPU
		{807570E5-9335-4650-9FBD-A8EDD9FABD80}.Release|Any CPU.ActiveCfg = Release|Any CPU
		{807570E5-9335-4650-9FBD-A8EDD9FABD80}.Release|Any CPU.Build.0 = Release|Any CPU
		{D8934A9A-0D8D-4EF3-9616-F4BE706467BA}.Debug|Any CPU.ActiveCfg = Debug|Any CPU
		{D8934A9A-0D8D-4EF3-9616-F4BE706467BA}.Debug|Any CPU.Build.0 = Debug|Any CPU
		{D8934A9A-0D8D-4EF3-9616-F4BE706467BA}.Release|Any CPU.ActiveCfg = Release|Any CPU
		{D8934A9A-0D8D-4EF3-9616-F4BE706467BA}.Release|Any CPU.Build.0 = Release|Any CPU
		{9C531A2E-739F-4DE8-85E7-16D683FCE2CF}.Debug|Any CPU.ActiveCfg = Debug|Any CPU
		{9C531A2E-739F-4DE8-85E7-16D683FCE2CF}.Debug|Any CPU.Build.0 = Debug|Any CPU
		{9C531A2E-739F-4DE8-85E7-16D683FCE2CF}.Release|Any CPU.ActiveCfg = Release|Any CPU
		{9C531A2E-739F-4DE8-85E7-16D683FCE2CF}.Release|Any CPU.Build.0 = Release|Any CPU
		{A478D0CB-EEE7-4480-A698-ECB4585E254C}.Debug|Any CPU.ActiveCfg = Debug|Any CPU
		{A478D0CB-EEE7-4480-A698-ECB4585E254C}.Debug|Any CPU.Build.0 = Debug|Any CPU
		{A478D0CB-EEE7-4480-A698-ECB4585E254C}.Release|Any CPU.ActiveCfg = Release|Any CPU
		{A478D0CB-EEE7-4480-A698-ECB4585E254C}.Release|Any CPU.Build.0 = Release|Any CPU
		{02B10576-32ED-4CDB-8ED9-5626D1A9A880}.Debug|Any CPU.ActiveCfg = Debug|Any CPU
		{02B10576-32ED-4CDB-8ED9-5626D1A9A880}.Debug|Any CPU.Build.0 = Debug|Any CPU
		{02B10576-32ED-4CDB-8ED9-5626D1A9A880}.Release|Any CPU.ActiveCfg = Release|Any CPU
		{02B10576-32ED-4CDB-8ED9-5626D1A9A880}.Release|Any CPU.Build.0 = Release|Any CPU
		{3E677CC1-011C-4809-9A1B-91D15ECDBAC3}.Debug|Any CPU.ActiveCfg = Debug|Any CPU
		{3E677CC1-011C-4809-9A1B-91D15ECDBAC3}.Debug|Any CPU.Build.0 = Debug|Any CPU
		{3E677CC1-011C-4809-9A1B-91D15ECDBAC3}.Release|Any CPU.ActiveCfg = Release|Any CPU
		{3E677CC1-011C-4809-9A1B-91D15ECDBAC3}.Release|Any CPU.Build.0 = Release|Any CPU
		{3A0EC0DF-CAF5-40AC-A8FF-D5572AE46F3A}.Debug|Any CPU.ActiveCfg = Debug|Any CPU
		{3A0EC0DF-CAF5-40AC-A8FF-D5572AE46F3A}.Debug|Any CPU.Build.0 = Debug|Any CPU
		{3A0EC0DF-CAF5-40AC-A8FF-D5572AE46F3A}.Release|Any CPU.ActiveCfg = Release|Any CPU
		{3A0EC0DF-CAF5-40AC-A8FF-D5572AE46F3A}.Release|Any CPU.Build.0 = Release|Any CPU
		{5580E1F3-DD0E-4A11-AE68-01B5F8A39E76}.Debug|Any CPU.ActiveCfg = Debug|Any CPU
		{5580E1F3-DD0E-4A11-AE68-01B5F8A39E76}.Debug|Any CPU.Build.0 = Debug|Any CPU
		{5580E1F3-DD0E-4A11-AE68-01B5F8A39E76}.Release|Any CPU.ActiveCfg = Release|Any CPU
		{5580E1F3-DD0E-4A11-AE68-01B5F8A39E76}.Release|Any CPU.Build.0 = Release|Any CPU
		{C401DB9D-CCA7-49AA-831F-76F92556E1CF}.Debug|Any CPU.ActiveCfg = Debug|Any CPU
		{C401DB9D-CCA7-49AA-831F-76F92556E1CF}.Debug|Any CPU.Build.0 = Debug|Any CPU
		{C401DB9D-CCA7-49AA-831F-76F92556E1CF}.Release|Any CPU.ActiveCfg = Release|Any CPU
		{C401DB9D-CCA7-49AA-831F-76F92556E1CF}.Release|Any CPU.Build.0 = Release|Any CPU
		{3480ED41-0962-4165-BA05-B096E86DFC51}.Debug|Any CPU.ActiveCfg = Debug|Any CPU
		{3480ED41-0962-4165-BA05-B096E86DFC51}.Debug|Any CPU.Build.0 = Debug|Any CPU
		{3480ED41-0962-4165-BA05-B096E86DFC51}.Release|Any CPU.ActiveCfg = Release|Any CPU
		{3480ED41-0962-4165-BA05-B096E86DFC51}.Release|Any CPU.Build.0 = Release|Any CPU
		{3CD7BD13-A5A4-433E-B4E0-FA1775A33007}.Debug|Any CPU.ActiveCfg = Debug|Any CPU
		{3CD7BD13-A5A4-433E-B4E0-FA1775A33007}.Debug|Any CPU.Build.0 = Debug|Any CPU
		{3CD7BD13-A5A4-433E-B4E0-FA1775A33007}.Release|Any CPU.ActiveCfg = Release|Any CPU
		{3CD7BD13-A5A4-433E-B4E0-FA1775A33007}.Release|Any CPU.Build.0 = Release|Any CPU
		{EFD8EC9D-DB36-4265-A825-E9961AAEBF66}.Debug|Any CPU.ActiveCfg = Debug|Any CPU
		{EFD8EC9D-DB36-4265-A825-E9961AAEBF66}.Debug|Any CPU.Build.0 = Debug|Any CPU
		{EFD8EC9D-DB36-4265-A825-E9961AAEBF66}.Release|Any CPU.ActiveCfg = Release|Any CPU
		{EFD8EC9D-DB36-4265-A825-E9961AAEBF66}.Release|Any CPU.Build.0 = Release|Any CPU
		{BCF89D7D-474C-4A41-9ABE-D900541CAF7E}.Debug|Any CPU.ActiveCfg = Debug|Any CPU
		{BCF89D7D-474C-4A41-9ABE-D900541CAF7E}.Debug|Any CPU.Build.0 = Debug|Any CPU
		{BCF89D7D-474C-4A41-9ABE-D900541CAF7E}.Release|Any CPU.ActiveCfg = Release|Any CPU
		{BCF89D7D-474C-4A41-9ABE-D900541CAF7E}.Release|Any CPU.Build.0 = Release|Any CPU
		{03459179-BAD4-49DE-8DBC-844509DD7C01}.Debug|Any CPU.ActiveCfg = Debug|Any CPU
		{03459179-BAD4-49DE-8DBC-844509DD7C01}.Debug|Any CPU.Build.0 = Debug|Any CPU
		{03459179-BAD4-49DE-8DBC-844509DD7C01}.Release|Any CPU.ActiveCfg = Release|Any CPU
		{03459179-BAD4-49DE-8DBC-844509DD7C01}.Release|Any CPU.Build.0 = Release|Any CPU
		{442A12B3-209C-4E15-BAA7-2DCADF5FE813}.Debug|Any CPU.ActiveCfg = Debug|Any CPU
		{442A12B3-209C-4E15-BAA7-2DCADF5FE813}.Debug|Any CPU.Build.0 = Debug|Any CPU
		{442A12B3-209C-4E15-BAA7-2DCADF5FE813}.Release|Any CPU.ActiveCfg = Release|Any CPU
		{442A12B3-209C-4E15-BAA7-2DCADF5FE813}.Release|Any CPU.Build.0 = Release|Any CPU
	EndGlobalSection
	GlobalSection(SolutionProperties) = preSolution
		HideSolutionNode = FALSE
	EndGlobalSection
	GlobalSection(NestedProjects) = preSolution
		{4A693386-7BF2-4E1D-886B-7B61B5A444EF} = {ADE81D37-9205-499C-BA12-23432AA76CBB}
		{0F9BAC77-8C92-481A-A09B-CC9222A8DA65} = {ADE81D37-9205-499C-BA12-23432AA76CBB}
		{7D948C61-38E3-4386-874D-F06D97B99CB8} = {0F9BAC77-8C92-481A-A09B-CC9222A8DA65}
		{31869F63-F98B-47F1-928C-AE08AC589C4E} = {7D948C61-38E3-4386-874D-F06D97B99CB8}
		{6EC1ECB8-27C8-478E-A78B-1B318027EE97} = {DAFA0256-6869-48A7-8761-D377C1ADF0AA}
		{6EBC8581-4711-47E8-9591-CD0B79896902} = {DAFA0256-6869-48A7-8761-D377C1ADF0AA}
		{C7D88F25-796E-4242-891E-2008ECF5C919} = {DAFA0256-6869-48A7-8761-D377C1ADF0AA}
		{A8054C4D-8CCC-4A70-BB8E-EE8FA22D78E6} = {DAFA0256-6869-48A7-8761-D377C1ADF0AA}
		{807570E5-9335-4650-9FBD-A8EDD9FABD80} = {DAFA0256-6869-48A7-8761-D377C1ADF0AA}
		{D8934A9A-0D8D-4EF3-9616-F4BE706467BA} = {DAFA0256-6869-48A7-8761-D377C1ADF0AA}
		{9C531A2E-739F-4DE8-85E7-16D683FCE2CF} = {DAFA0256-6869-48A7-8761-D377C1ADF0AA}
		{A478D0CB-EEE7-4480-A698-ECB4585E254C} = {DAFA0256-6869-48A7-8761-D377C1ADF0AA}
		{05E223B2-E545-4A7F-A6D8-3E27D15B1912} = {ADE81D37-9205-499C-BA12-23432AA76CBB}
		{02B10576-32ED-4CDB-8ED9-5626D1A9A880} = {05E223B2-E545-4A7F-A6D8-3E27D15B1912}
		{DAFA0256-6869-48A7-8761-D377C1ADF0AA} = {BB9BBE71-5E93-4338-9590-B4EDAC8ED2B1}
		{3E677CC1-011C-4809-9A1B-91D15ECDBAC3} = {05E223B2-E545-4A7F-A6D8-3E27D15B1912}
		{3A0EC0DF-CAF5-40AC-A8FF-D5572AE46F3A} = {05E223B2-E545-4A7F-A6D8-3E27D15B1912}
		{5580E1F3-DD0E-4A11-AE68-01B5F8A39E76} = {05E223B2-E545-4A7F-A6D8-3E27D15B1912}
		{0E601033-92A4-4E97-A9A8-5315EFBB03FA} = {BB9BBE71-5E93-4338-9590-B4EDAC8ED2B1}
		{C401DB9D-CCA7-49AA-831F-76F92556E1CF} = {0E601033-92A4-4E97-A9A8-5315EFBB03FA}
		{3480ED41-0962-4165-BA05-B096E86DFC51} = {0E601033-92A4-4E97-A9A8-5315EFBB03FA}
		{3CD7BD13-A5A4-433E-B4E0-FA1775A33007} = {0E601033-92A4-4E97-A9A8-5315EFBB03FA}
		{2D25AD76-3543-418A-8729-C153503DE1CD} = {BB9BBE71-5E93-4338-9590-B4EDAC8ED2B1}
		{EFD8EC9D-DB36-4265-A825-E9961AAEBF66} = {2D25AD76-3543-418A-8729-C153503DE1CD}
		{BCF89D7D-474C-4A41-9ABE-D900541CAF7E} = {2D25AD76-3543-418A-8729-C153503DE1CD}
		{94E68BED-FD22-4062-8EF3-26EF75116A9C} = {ADE81D37-9205-499C-BA12-23432AA76CBB}
		{03459179-BAD4-49DE-8DBC-844509DD7C01} = {94E68BED-FD22-4062-8EF3-26EF75116A9C}
		{75B6AEEB-CCD5-41E4-9577-253E06E49B4C} = {BB9BBE71-5E93-4338-9590-B4EDAC8ED2B1}
		{792A593D-B53C-432E-8692-0D8B3EFB139B} = {75B6AEEB-CCD5-41E4-9577-253E06E49B4C}
		{442A12B3-209C-4E15-BAA7-2DCADF5FE813} = {75B6AEEB-CCD5-41E4-9577-253E06E49B4C}
	EndGlobalSection
	GlobalSection(ExtensibilityGlobals) = postSolution
		SolutionGuid = {4EA5C0E8-F48B-4AAB-81D1-B195DB256B3A}
	EndGlobalSection
EndGlobal
