
Microsoft Visual Studio Solution File, Format Version 12.00
# Visual Studio 15
VisualStudioVersion = 15.0.27130.2027
MinimumVisualStudioVersion = 10.0.40219.1
Project("{FAE04EC0-301F-11D3-BF4B-00C04F79EFBC}") = "CodeJam.Utils", "CodeJam.Utils\CodeJam.Utils.csproj", "{4A693386-7BF2-4E1D-886B-7B61B5A444EF}"
EndProject
Project("{2150E333-8FDC-42A3-9474-1A3956D46DE8}") = "QualificationRound", "QualificationRound", "{0F9BAC77-8C92-481A-A09B-CC9222A8DA65}"
EndProject
Project("{2150E333-8FDC-42A3-9474-1A3956D46DE8}") = "2017", "2017", "{ADE81D37-9205-499C-BA12-23432AA76CBB}"
EndProject
Project("{2150E333-8FDC-42A3-9474-1A3956D46DE8}") = "ProblemA", "ProblemA", "{7D948C61-38E3-4386-874D-F06D97B99CB8}"
	ProjectSection(SolutionItems) = preProject
		Explanation.txt = Explanation.txt
	EndProjectSection
EndProject
Project("{FAE04EC0-301F-11D3-BF4B-00C04F79EFBC}") = "ProblemA", "ProblemA\ProblemA.csproj", "{31869F63-F98B-47F1-928C-AE08AC589C4E}"
EndProject
Project("{FAE04EC0-301F-11D3-BF4B-00C04F79EFBC}") = "SavingUniverse", "SavingUniverse\SavingUniverse.csproj", "{6EC1ECB8-27C8-478E-A78B-1B318027EE97}"
EndProject
Project("{FAE04EC0-301F-11D3-BF4B-00C04F79EFBC}") = "SavingUniverse.Tests", "SavingUniverse.Tests\SavingUniverse.Tests.csproj", "{6EBC8581-4711-47E8-9591-CD0B79896902}"
EndProject
Project("{2150E333-8FDC-42A3-9474-1A3956D46DE8}") = "2018", "2018", "{BB9BBE71-5E93-4338-9590-B4EDAC8ED2B1}"
EndProject
Project("{FAE04EC0-301F-11D3-BF4B-00C04F79EFBC}") = "TroubleSort", "TroubleSort\TroubleSort.csproj", "{C7D88F25-796E-4242-891E-2008ECF5C919}"
EndProject
Project("{FAE04EC0-301F-11D3-BF4B-00C04F79EFBC}") = "TroubleSort.Tests", "TroubleSort.Tests\TroubleSort.Tests.csproj", "{A8054C4D-8CCC-4A70-BB8E-EE8FA22D78E6}"
EndProject
Project("{FAE04EC0-301F-11D3-BF4B-00C04F79EFBC}") = "TroubleSortConsole", "TroubleSortConsole\TroubleSortConsole.csproj", "{807570E5-9335-4650-9FBD-A8EDD9FABD80}"
EndProject
Project("{FAE04EC0-301F-11D3-BF4B-00C04F79EFBC}") = "Gopher", "Gopher\Gopher.csproj", "{D8934A9A-0D8D-4EF3-9616-F4BE706467BA}"
EndProject
Project("{FAE04EC0-301F-11D3-BF4B-00C04F79EFBC}") = "Gopher.Tests", "Gopher.Tests\Gopher.Tests.csproj", "{9C531A2E-739F-4DE8-85E7-16D683FCE2CF}"
EndProject
Project("{FAE04EC0-301F-11D3-BF4B-00C04F79EFBC}") = "CubicUFO", "CubicUFO\CubicUFO.csproj", "{A478D0CB-EEE7-4480-A698-ECB4585E254C}"
EndProject
Project("{2150E333-8FDC-42A3-9474-1A3956D46DE8}") = "Round1A", "Round1A", "{05E223B2-E545-4A7F-A6D8-3E27D15B1912}"
EndProject
Project("{FAE04EC0-301F-11D3-BF4B-00C04F79EFBC}") = "AlphabetCake", "AlphabetCake\AlphabetCake.csproj", "{02B10576-32ED-4CDB-8ED9-5626D1A9A880}"
EndProject
Project("{2150E333-8FDC-42A3-9474-1A3956D46DE8}") = "QualificationRound", "QualificationRound", "{DAFA0256-6869-48A7-8761-D377C1ADF0AA}"
EndProject
Project("{FAE04EC0-301F-11D3-BF4B-00C04F79EFBC}") = "AlphabetCake.Tests", "AlphabetCake.Tests\AlphabetCake.Tests.csproj", "{3E677CC1-011C-4809-9A1B-91D15ECDBAC3}"
EndProject
Project("{FAE04EC0-301F-11D3-BF4B-00C04F79EFBC}") = "Ratatouille", "Ratatouille\Ratatouille.csproj", "{3A0EC0DF-CAF5-40AC-A8FF-D5572AE46F3A}"
EndProject
Project("{FAE04EC0-301F-11D3-BF4B-00C04F79EFBC}") = "PlaytheDragon", "PlaytheDragon\PlaytheDragon.csproj", "{5580E1F3-DD0E-4A11-AE68-01B5F8A39E76}"
EndProject
Project("{2150E333-8FDC-42A3-9474-1A3956D46DE8}") = "Round1A", "Round1A", "{0E601033-92A4-4E97-A9A8-5315EFBB03FA}"
EndProject
Project("{FAE04EC0-301F-11D3-BF4B-00C04F79EFBC}") = "WaffleChoppers", "WaffleChoppers\WaffleChoppers.csproj", "{C401DB9D-CCA7-49AA-831F-76F92556E1CF}"
EndProject
Project("{FAE04EC0-301F-11D3-BF4B-00C04F79EFBC}") = "WaffleChoppersTest", "WaffleChoppersTest\WaffleChoppersTest.csproj", "{3480ED41-0962-4165-BA05-B096E86DFC51}"
EndProject
Project("{FAE04EC0-301F-11D3-BF4B-00C04F79EFBC}") = "EdgyBaking", "EdgyBaking\EdgyBaking.csproj", "{3CD7BD13-A5A4-433E-B4E0-FA1775A33007}"
EndProject
Project("{2150E333-8FDC-42A3-9474-1A3956D46DE8}") = "Round1B", "Round1B", "{2D25AD76-3543-418A-8729-C153503DE1CD}"
EndProject
Project("{FAE04EC0-301F-11D3-BF4B-00C04F79EFBC}") = "MysteriousRoadSigns", "MysteriousRoadSigns\MysteriousRoadSigns.csproj", "{EFD8EC9D-DB36-4265-A825-E9961AAEBF66}"
EndProject
Project("{FAE04EC0-301F-11D3-BF4B-00C04F79EFBC}") = "RoundingError", "RoundingError\RoundingError.csproj", "{BCF89D7D-474C-4A41-9ABE-D900541CAF7E}"
EndProject
Project("{2150E333-8FDC-42A3-9474-1A3956D46DE8}") = "Round1B", "Round1B", "{94E68BED-FD22-4062-8EF3-26EF75116A9C}"
EndProject
Project("{FAE04EC0-301F-11D3-BF4B-00C04F79EFBC}") = "RoundingErrorTests", "RoundingErrorTests\RoundingErrorTests.csproj", "{03459179-BAD4-49DE-8DBC-844509DD7C01}"
EndProject
Project("{2150E333-8FDC-42A3-9474-1A3956D46DE8}") = "Round1C", "Round1C", "{75B6AEEB-CCD5-41E4-9577-253E06E49B4C}"
EndProject
Project("{2150E333-8FDC-42A3-9474-1A3956D46DE8}") = "Tests", "Tests", "{792A593D-B53C-432E-8692-0D8B3EFB139B}"
EndProject
Project("{FAE04EC0-301F-11D3-BF4B-00C04F79EFBC}") = "AWholeNewWord", "AWholeNewWord\AWholeNewWord.csproj", "{442A12B3-209C-4E15-BAA7-2DCADF5FE813}"
EndProject
Project("{2150E333-8FDC-42A3-9474-1A3956D46DE8}") = "Solution Items", "Solution Items", "{8697B699-A9BE-47A5-815D-387418C9EE86}"
	ProjectSection(SolutionItems) = preProject
		ExplanationGeneral.txt = ExplanationGeneral.txt
	EndProjectSection
EndProject
Project("{2150E333-8FDC-42A3-9474-1A3956D46DE8}") = "2019", "2019", "{A3008B8D-989E-42EB-94E0-C4BEB13C0F47}"
EndProject
Project("{2150E333-8FDC-42A3-9474-1A3956D46DE8}") = "QualificationRound", "QualificationRound", "{60A13376-45D4-42B6-8F31-CA6956D466BE}"
EndProject
Project("{FAE04EC0-301F-11D3-BF4B-00C04F79EFBC}") = "ForegoneSolution", "ForegoneSolution\ForegoneSolution.csproj", "{58D63312-CD69-40E8-851A-6AC4288F7722}"
EndProject
Project("{2150E333-8FDC-42A3-9474-1A3956D46DE8}") = "Tests", "Tests", "{19B7C754-860E-4A94-850D-9503B5262125}"
EndProject
Project("{FAE04EC0-301F-11D3-BF4B-00C04F79EFBC}") = "ForegoneSolutionTest", "ForegoneSolutionTest\ForegoneSolutionTest.csproj", "{36C29049-13EA-4416-9577-480C54204B4E}"
EndProject
Project("{FAE04EC0-301F-11D3-BF4B-00C04F79EFBC}") = "YouCanGoYourOwnWay", "YouCanGoYourOwnWay\YouCanGoYourOwnWay.csproj", "{7DBC5147-00C0-440B-92C5-4B2BAD13A580}"
EndProject
Project("{FAE04EC0-301F-11D3-BF4B-00C04F79EFBC}") = "YouCanGoYourOwnWayTest", "YouCanGoYourOwnWayTest\YouCanGoYourOwnWayTest.csproj", "{0BBA1AE4-E165-4C8C-9710-5263734D03FB}"
EndProject
Project("{FAE04EC0-301F-11D3-BF4B-00C04F79EFBC}") = "Cryptopangrams", "Cryptopangrams\Cryptopangrams.csproj", "{8B50BE80-17CA-41D3-8B4B-FBA502778F07}"
EndProject
Project("{FAE04EC0-301F-11D3-BF4B-00C04F79EFBC}") = "CryptopangramsTest", "CryptopangramsTest\CryptopangramsTest.csproj", "{BBDEEC46-8E20-448C-9134-9D953CB88DE1}"
EndProject
Project("{FAE04EC0-301F-11D3-BF4B-00C04F79EFBC}") = "DatBae", "DatBae\DatBae.csproj", "{81D1DDDB-D117-496C-B02C-F4EA2349F8A0}"
EndProject
Project("{2150E333-8FDC-42A3-9474-1A3956D46DE8}") = "Round1A", "Round1A", "{FEF2073D-2223-4FE5-90AF-E9431061C378}"
EndProject
Project("{2150E333-8FDC-42A3-9474-1A3956D46DE8}") = "Tests", "Tests", "{CF433EE9-27EE-4519-A93B-464E86570CE7}"
EndProject
Project("{FAE04EC0-301F-11D3-BF4B-00C04F79EFBC}") = "Pylons", "Pylons\Pylons.csproj", "{AEA80B80-EF17-407B-A4AE-A26291E95289}"
EndProject
Project("{FAE04EC0-301F-11D3-BF4B-00C04F79EFBC}") = "PylonsTest", "PylonsTest\PylonsTest.csproj", "{E55ED2D2-648C-4220-868B-74DBAD3B8EE3}"
EndProject
Project("{FAE04EC0-301F-11D3-BF4B-00C04F79EFBC}") = "GolfGophers", "GolfGophers\GolfGophers.csproj", "{60342EC2-CF7D-4E16-8291-0481DEC5D4FF}"
EndProject
Global
	GlobalSection(SolutionConfigurationPlatforms) = preSolution
		Debug|Any CPU = Debug|Any CPU
		Release|Any CPU = Release|Any CPU
	EndGlobalSection
	GlobalSection(ProjectConfigurationPlatforms) = postSolution
		{4A693386-7BF2-4E1D-886B-7B61B5A444EF}.Debug|Any CPU.ActiveCfg = Debug|Any CPU
		{4A693386-7BF2-4E1D-886B-7B61B5A444EF}.Debug|Any CPU.Build.0 = Debug|Any CPU
		{4A693386-7BF2-4E1D-886B-7B61B5A444EF}.Release|Any CPU.ActiveCfg = Release|Any CPU
		{4A693386-7BF2-4E1D-886B-7B61B5A444EF}.Release|Any CPU.Build.0 = Release|Any CPU
		{31869F63-F98B-47F1-928C-AE08AC589C4E}.Debug|Any CPU.ActiveCfg = Debug|Any CPU
		{31869F63-F98B-47F1-928C-AE08AC589C4E}.Debug|Any CPU.Build.0 = Debug|Any CPU
		{31869F63-F98B-47F1-928C-AE08AC589C4E}.Release|Any CPU.ActiveCfg = Release|Any CPU
		{31869F63-F98B-47F1-928C-AE08AC589C4E}.Release|Any CPU.Build.0 = Release|Any CPU
		{6EC1ECB8-27C8-478E-A78B-1B318027EE97}.Debug|Any CPU.ActiveCfg = Debug|Any CPU
		{6EC1ECB8-27C8-478E-A78B-1B318027EE97}.Debug|Any CPU.Build.0 = Debug|Any CPU
		{6EC1ECB8-27C8-478E-A78B-1B318027EE97}.Release|Any CPU.ActiveCfg = Release|Any CPU
		{6EC1ECB8-27C8-478E-A78B-1B318027EE97}.Release|Any CPU.Build.0 = Release|Any CPU
		{6EBC8581-4711-47E8-9591-CD0B79896902}.Debug|Any CPU.ActiveCfg = Debug|Any CPU
		{6EBC8581-4711-47E8-9591-CD0B79896902}.Debug|Any CPU.Build.0 = Debug|Any CPU
		{6EBC8581-4711-47E8-9591-CD0B79896902}.Release|Any CPU.ActiveCfg = Release|Any CPU
		{6EBC8581-4711-47E8-9591-CD0B79896902}.Release|Any CPU.Build.0 = Release|Any CPU
		{C7D88F25-796E-4242-891E-2008ECF5C919}.Debug|Any CPU.ActiveCfg = Debug|Any CPU
		{C7D88F25-796E-4242-891E-2008ECF5C919}.Debug|Any CPU.Build.0 = Debug|Any CPU
		{C7D88F25-796E-4242-891E-2008ECF5C919}.Release|Any CPU.ActiveCfg = Release|Any CPU
		{C7D88F25-796E-4242-891E-2008ECF5C919}.Release|Any CPU.Build.0 = Release|Any CPU
		{A8054C4D-8CCC-4A70-BB8E-EE8FA22D78E6}.Debug|Any CPU.ActiveCfg = Debug|Any CPU
		{A8054C4D-8CCC-4A70-BB8E-EE8FA22D78E6}.Debug|Any CPU.Build.0 = Debug|Any CPU
		{A8054C4D-8CCC-4A70-BB8E-EE8FA22D78E6}.Release|Any CPU.ActiveCfg = Release|Any CPU
		{A8054C4D-8CCC-4A70-BB8E-EE8FA22D78E6}.Release|Any CPU.Build.0 = Release|Any CPU
		{807570E5-9335-4650-9FBD-A8EDD9FABD80}.Debug|Any CPU.ActiveCfg = Debug|Any CPU
		{807570E5-9335-4650-9FBD-A8EDD9FABD80}.Debug|Any CPU.Build.0 = Debug|Any CPU
		{807570E5-9335-4650-9FBD-A8EDD9FABD80}.Release|Any CPU.ActiveCfg = Release|Any CPU
		{807570E5-9335-4650-9FBD-A8EDD9FABD80}.Release|Any CPU.Build.0 = Release|Any CPU
		{D8934A9A-0D8D-4EF3-9616-F4BE706467BA}.Debug|Any CPU.ActiveCfg = Debug|Any CPU
		{D8934A9A-0D8D-4EF3-9616-F4BE706467BA}.Debug|Any CPU.Build.0 = Debug|Any CPU
		{D8934A9A-0D8D-4EF3-9616-F4BE706467BA}.Release|Any CPU.ActiveCfg = Release|Any CPU
		{D8934A9A-0D8D-4EF3-9616-F4BE706467BA}.Release|Any CPU.Build.0 = Release|Any CPU
		{9C531A2E-739F-4DE8-85E7-16D683FCE2CF}.Debug|Any CPU.ActiveCfg = Debug|Any CPU
		{9C531A2E-739F-4DE8-85E7-16D683FCE2CF}.Debug|Any CPU.Build.0 = Debug|Any CPU
		{9C531A2E-739F-4DE8-85E7-16D683FCE2CF}.Release|Any CPU.ActiveCfg = Release|Any CPU
		{9C531A2E-739F-4DE8-85E7-16D683FCE2CF}.Release|Any CPU.Build.0 = Release|Any CPU
		{A478D0CB-EEE7-4480-A698-ECB4585E254C}.Debug|Any CPU.ActiveCfg = Debug|Any CPU
		{A478D0CB-EEE7-4480-A698-ECB4585E254C}.Debug|Any CPU.Build.0 = Debug|Any CPU
		{A478D0CB-EEE7-4480-A698-ECB4585E254C}.Release|Any CPU.ActiveCfg = Release|Any CPU
		{A478D0CB-EEE7-4480-A698-ECB4585E254C}.Release|Any CPU.Build.0 = Release|Any CPU
		{02B10576-32ED-4CDB-8ED9-5626D1A9A880}.Debug|Any CPU.ActiveCfg = Debug|Any CPU
		{02B10576-32ED-4CDB-8ED9-5626D1A9A880}.Debug|Any CPU.Build.0 = Debug|Any CPU
		{02B10576-32ED-4CDB-8ED9-5626D1A9A880}.Release|Any CPU.ActiveCfg = Release|Any CPU
		{02B10576-32ED-4CDB-8ED9-5626D1A9A880}.Release|Any CPU.Build.0 = Release|Any CPU
		{3E677CC1-011C-4809-9A1B-91D15ECDBAC3}.Debug|Any CPU.ActiveCfg = Debug|Any CPU
		{3E677CC1-011C-4809-9A1B-91D15ECDBAC3}.Debug|Any CPU.Build.0 = Debug|Any CPU
		{3E677CC1-011C-4809-9A1B-91D15ECDBAC3}.Release|Any CPU.ActiveCfg = Release|Any CPU
		{3E677CC1-011C-4809-9A1B-91D15ECDBAC3}.Release|Any CPU.Build.0 = Release|Any CPU
		{3A0EC0DF-CAF5-40AC-A8FF-D5572AE46F3A}.Debug|Any CPU.ActiveCfg = Debug|Any CPU
		{3A0EC0DF-CAF5-40AC-A8FF-D5572AE46F3A}.Debug|Any CPU.Build.0 = Debug|Any CPU
		{3A0EC0DF-CAF5-40AC-A8FF-D5572AE46F3A}.Release|Any CPU.ActiveCfg = Release|Any CPU
		{3A0EC0DF-CAF5-40AC-A8FF-D5572AE46F3A}.Release|Any CPU.Build.0 = Release|Any CPU
		{5580E1F3-DD0E-4A11-AE68-01B5F8A39E76}.Debug|Any CPU.ActiveCfg = Debug|Any CPU
		{5580E1F3-DD0E-4A11-AE68-01B5F8A39E76}.Debug|Any CPU.Build.0 = Debug|Any CPU
		{5580E1F3-DD0E-4A11-AE68-01B5F8A39E76}.Release|Any CPU.ActiveCfg = Release|Any CPU
		{5580E1F3-DD0E-4A11-AE68-01B5F8A39E76}.Release|Any CPU.Build.0 = Release|Any CPU
		{C401DB9D-CCA7-49AA-831F-76F92556E1CF}.Debug|Any CPU.ActiveCfg = Debug|Any CPU
		{C401DB9D-CCA7-49AA-831F-76F92556E1CF}.Debug|Any CPU.Build.0 = Debug|Any CPU
		{C401DB9D-CCA7-49AA-831F-76F92556E1CF}.Release|Any CPU.ActiveCfg = Release|Any CPU
		{C401DB9D-CCA7-49AA-831F-76F92556E1CF}.Release|Any CPU.Build.0 = Release|Any CPU
		{3480ED41-0962-4165-BA05-B096E86DFC51}.Debug|Any CPU.ActiveCfg = Debug|Any CPU
		{3480ED41-0962-4165-BA05-B096E86DFC51}.Debug|Any CPU.Build.0 = Debug|Any CPU
		{3480ED41-0962-4165-BA05-B096E86DFC51}.Release|Any CPU.ActiveCfg = Release|Any CPU
		{3480ED41-0962-4165-BA05-B096E86DFC51}.Release|Any CPU.Build.0 = Release|Any CPU
		{3CD7BD13-A5A4-433E-B4E0-FA1775A33007}.Debug|Any CPU.ActiveCfg = Debug|Any CPU
		{3CD7BD13-A5A4-433E-B4E0-FA1775A33007}.Debug|Any CPU.Build.0 = Debug|Any CPU
		{3CD7BD13-A5A4-433E-B4E0-FA1775A33007}.Release|Any CPU.ActiveCfg = Release|Any CPU
		{3CD7BD13-A5A4-433E-B4E0-FA1775A33007}.Release|Any CPU.Build.0 = Release|Any CPU
		{EFD8EC9D-DB36-4265-A825-E9961AAEBF66}.Debug|Any CPU.ActiveCfg = Debug|Any CPU
		{EFD8EC9D-DB36-4265-A825-E9961AAEBF66}.Debug|Any CPU.Build.0 = Debug|Any CPU
		{EFD8EC9D-DB36-4265-A825-E9961AAEBF66}.Release|Any CPU.ActiveCfg = Release|Any CPU
		{EFD8EC9D-DB36-4265-A825-E9961AAEBF66}.Release|Any CPU.Build.0 = Release|Any CPU
		{BCF89D7D-474C-4A41-9ABE-D900541CAF7E}.Debug|Any CPU.ActiveCfg = Debug|Any CPU
		{BCF89D7D-474C-4A41-9ABE-D900541CAF7E}.Debug|Any CPU.Build.0 = Debug|Any CPU
		{BCF89D7D-474C-4A41-9ABE-D900541CAF7E}.Release|Any CPU.ActiveCfg = Release|Any CPU
		{BCF89D7D-474C-4A41-9ABE-D900541CAF7E}.Release|Any CPU.Build.0 = Release|Any CPU
		{03459179-BAD4-49DE-8DBC-844509DD7C01}.Debug|Any CPU.ActiveCfg = Debug|Any CPU
		{03459179-BAD4-49DE-8DBC-844509DD7C01}.Debug|Any CPU.Build.0 = Debug|Any CPU
		{03459179-BAD4-49DE-8DBC-844509DD7C01}.Release|Any CPU.ActiveCfg = Release|Any CPU
		{03459179-BAD4-49DE-8DBC-844509DD7C01}.Release|Any CPU.Build.0 = Release|Any CPU
		{442A12B3-209C-4E15-BAA7-2DCADF5FE813}.Debug|Any CPU.ActiveCfg = Debug|Any CPU
		{442A12B3-209C-4E15-BAA7-2DCADF5FE813}.Debug|Any CPU.Build.0 = Debug|Any CPU
		{442A12B3-209C-4E15-BAA7-2DCADF5FE813}.Release|Any CPU.ActiveCfg = Release|Any CPU
		{442A12B3-209C-4E15-BAA7-2DCADF5FE813}.Release|Any CPU.Build.0 = Release|Any CPU
		{58D63312-CD69-40E8-851A-6AC4288F7722}.Debug|Any CPU.ActiveCfg = Debug|Any CPU
		{58D63312-CD69-40E8-851A-6AC4288F7722}.Debug|Any CPU.Build.0 = Debug|Any CPU
		{58D63312-CD69-40E8-851A-6AC4288F7722}.Release|Any CPU.ActiveCfg = Release|Any CPU
		{58D63312-CD69-40E8-851A-6AC4288F7722}.Release|Any CPU.Build.0 = Release|Any CPU
		{36C29049-13EA-4416-9577-480C54204B4E}.Debug|Any CPU.ActiveCfg = Debug|Any CPU
		{36C29049-13EA-4416-9577-480C54204B4E}.Debug|Any CPU.Build.0 = Debug|Any CPU
		{36C29049-13EA-4416-9577-480C54204B4E}.Release|Any CPU.ActiveCfg = Release|Any CPU
		{36C29049-13EA-4416-9577-480C54204B4E}.Release|Any CPU.Build.0 = Release|Any CPU
		{7DBC5147-00C0-440B-92C5-4B2BAD13A580}.Debug|Any CPU.ActiveCfg = Debug|Any CPU
		{7DBC5147-00C0-440B-92C5-4B2BAD13A580}.Debug|Any CPU.Build.0 = Debug|Any CPU
		{7DBC5147-00C0-440B-92C5-4B2BAD13A580}.Release|Any CPU.ActiveCfg = Release|Any CPU
		{7DBC5147-00C0-440B-92C5-4B2BAD13A580}.Release|Any CPU.Build.0 = Release|Any CPU
		{0BBA1AE4-E165-4C8C-9710-5263734D03FB}.Debug|Any CPU.ActiveCfg = Debug|Any CPU
		{0BBA1AE4-E165-4C8C-9710-5263734D03FB}.Debug|Any CPU.Build.0 = Debug|Any CPU
		{0BBA1AE4-E165-4C8C-9710-5263734D03FB}.Release|Any CPU.ActiveCfg = Release|Any CPU
		{0BBA1AE4-E165-4C8C-9710-5263734D03FB}.Release|Any CPU.Build.0 = Release|Any CPU
		{8B50BE80-17CA-41D3-8B4B-FBA502778F07}.Debug|Any CPU.ActiveCfg = Debug|Any CPU
		{8B50BE80-17CA-41D3-8B4B-FBA502778F07}.Debug|Any CPU.Build.0 = Debug|Any CPU
		{8B50BE80-17CA-41D3-8B4B-FBA502778F07}.Release|Any CPU.ActiveCfg = Release|Any CPU
		{8B50BE80-17CA-41D3-8B4B-FBA502778F07}.Release|Any CPU.Build.0 = Release|Any CPU
		{BBDEEC46-8E20-448C-9134-9D953CB88DE1}.Debug|Any CPU.ActiveCfg = Debug|Any CPU
		{BBDEEC46-8E20-448C-9134-9D953CB88DE1}.Debug|Any CPU.Build.0 = Debug|Any CPU
		{BBDEEC46-8E20-448C-9134-9D953CB88DE1}.Release|Any CPU.ActiveCfg = Release|Any CPU
		{BBDEEC46-8E20-448C-9134-9D953CB88DE1}.Release|Any CPU.Build.0 = Release|Any CPU
		{81D1DDDB-D117-496C-B02C-F4EA2349F8A0}.Debug|Any CPU.ActiveCfg = Debug|Any CPU
		{81D1DDDB-D117-496C-B02C-F4EA2349F8A0}.Debug|Any CPU.Build.0 = Debug|Any CPU
		{81D1DDDB-D117-496C-B02C-F4EA2349F8A0}.Release|Any CPU.ActiveCfg = Release|Any CPU
		{81D1DDDB-D117-496C-B02C-F4EA2349F8A0}.Release|Any CPU.Build.0 = Release|Any CPU
		{AEA80B80-EF17-407B-A4AE-A26291E95289}.Debug|Any CPU.ActiveCfg = Debug|Any CPU
		{AEA80B80-EF17-407B-A4AE-A26291E95289}.Debug|Any CPU.Build.0 = Debug|Any CPU
		{AEA80B80-EF17-407B-A4AE-A26291E95289}.Release|Any CPU.ActiveCfg = Release|Any CPU
		{AEA80B80-EF17-407B-A4AE-A26291E95289}.Release|Any CPU.Build.0 = Release|Any CPU
		{E55ED2D2-648C-4220-868B-74DBAD3B8EE3}.Debug|Any CPU.ActiveCfg = Debug|Any CPU
		{E55ED2D2-648C-4220-868B-74DBAD3B8EE3}.Debug|Any CPU.Build.0 = Debug|Any CPU
		{E55ED2D2-648C-4220-868B-74DBAD3B8EE3}.Release|Any CPU.ActiveCfg = Release|Any CPU
		{E55ED2D2-648C-4220-868B-74DBAD3B8EE3}.Release|Any CPU.Build.0 = Release|Any CPU
		{60342EC2-CF7D-4E16-8291-0481DEC5D4FF}.Debug|Any CPU.ActiveCfg = Debug|Any CPU
		{60342EC2-CF7D-4E16-8291-0481DEC5D4FF}.Debug|Any CPU.Build.0 = Debug|Any CPU
		{60342EC2-CF7D-4E16-8291-0481DEC5D4FF}.Release|Any CPU.ActiveCfg = Release|Any CPU
		{60342EC2-CF7D-4E16-8291-0481DEC5D4FF}.Release|Any CPU.Build.0 = Release|Any CPU
	EndGlobalSection
	GlobalSection(SolutionProperties) = preSolution
		HideSolutionNode = FALSE
	EndGlobalSection
	GlobalSection(NestedProjects) = preSolution
		{4A693386-7BF2-4E1D-886B-7B61B5A444EF} = {ADE81D37-9205-499C-BA12-23432AA76CBB}
		{0F9BAC77-8C92-481A-A09B-CC9222A8DA65} = {ADE81D37-9205-499C-BA12-23432AA76CBB}
		{7D948C61-38E3-4386-874D-F06D97B99CB8} = {0F9BAC77-8C92-481A-A09B-CC9222A8DA65}
		{31869F63-F98B-47F1-928C-AE08AC589C4E} = {7D948C61-38E3-4386-874D-F06D97B99CB8}
		{6EC1ECB8-27C8-478E-A78B-1B318027EE97} = {DAFA0256-6869-48A7-8761-D377C1ADF0AA}
		{6EBC8581-4711-47E8-9591-CD0B79896902} = {DAFA0256-6869-48A7-8761-D377C1ADF0AA}
		{C7D88F25-796E-4242-891E-2008ECF5C919} = {DAFA0256-6869-48A7-8761-D377C1ADF0AA}
		{A8054C4D-8CCC-4A70-BB8E-EE8FA22D78E6} = {DAFA0256-6869-48A7-8761-D377C1ADF0AA}
		{807570E5-9335-4650-9FBD-A8EDD9FABD80} = {DAFA0256-6869-48A7-8761-D377C1ADF0AA}
		{D8934A9A-0D8D-4EF3-9616-F4BE706467BA} = {DAFA0256-6869-48A7-8761-D377C1ADF0AA}
		{9C531A2E-739F-4DE8-85E7-16D683FCE2CF} = {DAFA0256-6869-48A7-8761-D377C1ADF0AA}
		{A478D0CB-EEE7-4480-A698-ECB4585E254C} = {DAFA0256-6869-48A7-8761-D377C1ADF0AA}
		{05E223B2-E545-4A7F-A6D8-3E27D15B1912} = {ADE81D37-9205-499C-BA12-23432AA76CBB}
		{02B10576-32ED-4CDB-8ED9-5626D1A9A880} = {05E223B2-E545-4A7F-A6D8-3E27D15B1912}
		{DAFA0256-6869-48A7-8761-D377C1ADF0AA} = {BB9BBE71-5E93-4338-9590-B4EDAC8ED2B1}
		{3E677CC1-011C-4809-9A1B-91D15ECDBAC3} = {05E223B2-E545-4A7F-A6D8-3E27D15B1912}
		{3A0EC0DF-CAF5-40AC-A8FF-D5572AE46F3A} = {05E223B2-E545-4A7F-A6D8-3E27D15B1912}
		{5580E1F3-DD0E-4A11-AE68-01B5F8A39E76} = {05E223B2-E545-4A7F-A6D8-3E27D15B1912}
		{0E601033-92A4-4E97-A9A8-5315EFBB03FA} = {BB9BBE71-5E93-4338-9590-B4EDAC8ED2B1}
		{C401DB9D-CCA7-49AA-831F-76F92556E1CF} = {0E601033-92A4-4E97-A9A8-5315EFBB03FA}
		{3480ED41-0962-4165-BA05-B096E86DFC51} = {0E601033-92A4-4E97-A9A8-5315EFBB03FA}
		{3CD7BD13-A5A4-433E-B4E0-FA1775A33007} = {0E601033-92A4-4E97-A9A8-5315EFBB03FA}
		{2D25AD76-3543-418A-8729-C153503DE1CD} = {BB9BBE71-5E93-4338-9590-B4EDAC8ED2B1}
		{EFD8EC9D-DB36-4265-A825-E9961AAEBF66} = {2D25AD76-3543-418A-8729-C153503DE1CD}
		{BCF89D7D-474C-4A41-9ABE-D900541CAF7E} = {2D25AD76-3543-418A-8729-C153503DE1CD}
		{94E68BED-FD22-4062-8EF3-26EF75116A9C} = {ADE81D37-9205-499C-BA12-23432AA76CBB}
		{03459179-BAD4-49DE-8DBC-844509DD7C01} = {94E68BED-FD22-4062-8EF3-26EF75116A9C}
		{75B6AEEB-CCD5-41E4-9577-253E06E49B4C} = {BB9BBE71-5E93-4338-9590-B4EDAC8ED2B1}
		{792A593D-B53C-432E-8692-0D8B3EFB139B} = {75B6AEEB-CCD5-41E4-9577-253E06E49B4C}
		{442A12B3-209C-4E15-BAA7-2DCADF5FE813} = {75B6AEEB-CCD5-41E4-9577-253E06E49B4C}
		{60A13376-45D4-42B6-8F31-CA6956D466BE} = {A3008B8D-989E-42EB-94E0-C4BEB13C0F47}
		{58D63312-CD69-40E8-851A-6AC4288F7722} = {60A13376-45D4-42B6-8F31-CA6956D466BE}
		{19B7C754-860E-4A94-850D-9503B5262125} = {60A13376-45D4-42B6-8F31-CA6956D466BE}
		{36C29049-13EA-4416-9577-480C54204B4E} = {19B7C754-860E-4A94-850D-9503B5262125}
		{7DBC5147-00C0-440B-92C5-4B2BAD13A580} = {60A13376-45D4-42B6-8F31-CA6956D466BE}
		{0BBA1AE4-E165-4C8C-9710-5263734D03FB} = {19B7C754-860E-4A94-850D-9503B5262125}
		{8B50BE80-17CA-41D3-8B4B-FBA502778F07} = {60A13376-45D4-42B6-8F31-CA6956D466BE}
		{BBDEEC46-8E20-448C-9134-9D953CB88DE1} = {19B7C754-860E-4A94-850D-9503B5262125}
		{81D1DDDB-D117-496C-B02C-F4EA2349F8A0} = {60A13376-45D4-42B6-8F31-CA6956D466BE}
		{FEF2073D-2223-4FE5-90AF-E9431061C378} = {A3008B8D-989E-42EB-94E0-C4BEB13C0F47}
		{CF433EE9-27EE-4519-A93B-464E86570CE7} = {FEF2073D-2223-4FE5-90AF-E9431061C378}
		{AEA80B80-EF17-407B-A4AE-A26291E95289} = {FEF2073D-2223-4FE5-90AF-E9431061C378}
		{E55ED2D2-648C-4220-868B-74DBAD3B8EE3} = {CF433EE9-27EE-4519-A93B-464E86570CE7}
		{60342EC2-CF7D-4E16-8291-0481DEC5D4FF} = {FEF2073D-2223-4FE5-90AF-E9431061C378}
	EndGlobalSection
	GlobalSection(ExtensibilityGlobals) = postSolution
		SolutionGuid = {4EA5C0E8-F48B-4AAB-81D1-B195DB256B3A}
	EndGlobalSection
EndGlobal
